{
  "nodes": {
    "home-manager": {
      "inputs": {
        "nixpkgs": [
          "nixpkgs"
        ],
        "nmt": "nmt"
      },
      "locked": {
        "lastModified": 1590269472,
        "narHash": "sha256-wiHqSIYJ65/rjTNc8P4UIaU78hKhxdxDo/83n5I+6WU=",
        "owner": "kloenk",
        "repo": "home-manager",
        "rev": "fef8561af7fe842e81b38966fa5b2f7228396d14",
        "type": "github"
      },
      "original": {
        "owner": "kloenk",
        "ref": "flake-overlay",
        "repo": "home-manager",
        "type": "github"
      }
    },
    "hydra": {
      "inputs": {
        "nix": "nix",
        "nixpkgs": [
          "nixpkgs"
        ]
      },
      "locked": {
        "lastModified": 1594249691,
        "narHash": "sha256-tyozceL84P5nArLVlnHL/6lQooAib/CdfwdLQhrljAM=",
        "owner": "nixos",
        "repo": "hydra",
        "rev": "48678df8b67d562f16a88dbbc2e3878e53635932",
        "type": "github"
      },
      "original": {
        "owner": "nixos",
        "repo": "hydra",
        "type": "github"
      }
    },
    "mail-server": {
      "flake": false,
      "locked": {
        "lastModified": 1594067599,
        "narHash": "sha256-gK1mGMJ1J63YrZR1YpV+hVb8v9woW4lV6H0Js+33X/g=",
        "owner": "simple-nixos-mailserver",
        "repo": "nixos-mailserver",
        "rev": "31cf3818dfce1f6694daac833928157fee62ebac",
        "type": "gitlab"
      },
      "original": {
        "owner": "simple-nixos-mailserver",
        "ref": "master",
        "repo": "nixos-mailserver",
        "type": "gitlab"
      }
    },
    "nix": {
      "inputs": {
        "nixpkgs": [
          "nixpkgs"
        ]
      },
      "locked": {
        "lastModified": 1594216519,
        "narHash": "sha256-ylTRaRg44LtpUDDrANTulkJw8cQQaNzhcMO7WtmOz8g=",
        "owner": "NixOS",
        "repo": "nix",
        "rev": "9223603908abaa62711296aa224e1bc3d7fb0a91",
        "type": "github"
      },
      "original": {
        "id": "nix",
        "type": "indirect"
      }
    },
    "nix_2": {
      "inputs": {
        "nixpkgs": [
          "nixpkgs"
        ]
      },
      "locked": {
        "lastModified": 1594216519,
        "narHash": "sha256-ylTRaRg44LtpUDDrANTulkJw8cQQaNzhcMO7WtmOz8g=",
        "owner": "nixos",
        "repo": "nix",
        "rev": "9223603908abaa62711296aa224e1bc3d7fb0a91",
        "type": "github"
      },
      "original": {
        "owner": "nixos",
        "ref": "flakes",
        "repo": "nix",
        "type": "github"
      }
    },
    "nixos-org": {
      "flake": false,
      "locked": {
        "lastModified": 1594216547,
        "narHash": "sha256-TTFXvxbFel+SGFWZdszC1L1cKkh4c8SN6/89hh+ww7A=",
        "owner": "nixos",
        "repo": "nixos-org-configurations",
        "rev": "07f5c00a0c27c04dc16aab019cdfa10c7ddf4d14",
        "type": "github"
      },
      "original": {
        "owner": "nixos",
        "repo": "nixos-org-configurations",
        "type": "github"
      }
    },
    "nixpkgs": {
      "locked": {
        "lastModified": 1594315925,
        "narHash": "sha256-dkGNVb2sBTOJBgH+sWFOcWvydaCrVrn/EDQwv4ZQOtA=",
        "owner": "nixos",
        "repo": "nixpkgs",
        "rev": "e0604a9333b4138029fd82afddfda9195c0b8fe4",
        "type": "github"
      },
      "original": {
        "owner": "nixos",
        "repo": "nixpkgs",
        "type": "github"
      }
    },
    "nixpkgs-mc": {
      "locked": {
        "lastModified": 1591018547,
        "narHash": "sha256-xuoppQuXclEzt5HukxAoODO3Sd9InPu7Fh9Ya8vwzaw=",
        "owner": "kloenk",
        "repo": "nixpkgs",
        "rev": "220c91cefc2fc382cbf96d301cd01b8ce08d9860",
        "type": "github"
      },
      "original": {
        "owner": "kloenk",
        "ref": "feature/mc-fifo",
        "repo": "nixpkgs",
        "type": "github"
      }
    },
    "nixpkgs-qutebrowser": {
      "inputs": {
        "nixpkgs": "nixpkgs_2"
      },
      "locked": {
        "lastModified": 1588768574,
        "narHash": "sha256-oNKwKATkUSNRsWRmiPrft5vwQTgn0X8EMq7nkUeR7nw=",
        "owner": "kloenk",
        "repo": "nixpkgs-qutebrowser",
        "rev": "86c1886f93294d636f7e5b73e3bb3f728d774561",
        "type": "github"
      },
      "original": {
        "owner": "kloenk",
        "repo": "nixpkgs-qutebrowser",
        "type": "github"
      }
    },
    "nixpkgs_2": {
      "locked": {
        "lastModified": 1587961704,
        "narHash": "sha256-/aqrj8zYfwz8Wd0qu7jgNvddXj7Bro3QHz2YKJOJO5M=",
        "owner": "nixos",
        "repo": "nixpkgs",
        "rev": "fce7562cf46727fdaf801b232116bc9ce0512049",
        "type": "github"
      },
      "original": {
        "owner": "nixos",
        "repo": "nixpkgs",
        "rev": "fce7562cf46727fdaf801b232116bc9ce0512049",
        "type": "github"
      }
    },
    "nmt": {
      "locked": {
        "lastModified": 1590269023,
        "narHash": "sha256-VNDyjOFqF17vOpNxc0QJ9W8rY2v610j+ov+sv6oPUl8=",
        "owner": "kloenk",
        "repo": "nmt",
        "rev": "6fce291806fb130ce3c2318a06179caa9a381406",
        "type": "github"
      },
      "original": {
        "owner": "kloenk",
        "repo": "nmt",
        "type": "github"
      }
    },
    "root": {
      "inputs": {
        "home-manager": "home-manager",
        "hydra": "hydra",
        "mail-server": "mail-server",
        "nix": "nix_2",
        "nixos-org": "nixos-org",
        "nixpkgs": "nixpkgs",
        "nixpkgs-mc": "nixpkgs-mc",
        "nixpkgs-qutebrowser": "nixpkgs-qutebrowser",
        "secrets": "secrets",
        "website": "website"
      }
    },
    "secrets": {
      "flake": false,
      "locked": {
        "lastModified": 1594208444,
        "narHash": "sha256-P4EN8/OjAusqz6rryCK4G7ShiD4n32ZSm866EenOYDc=",
        "ref": "master",
        "rev": "2984ad0ff8a5d686851871d55052bf4775662688",
        "revCount": 949,
        "type": "git",
        "url": "git+ssh://git@git.kloenk.de/kloenk/pass.git"
      },
      "original": {
        "type": "git",
        "url": "git+ssh://git@git.kloenk.de/kloenk/pass.git"
      }
    },
    "website": {
      "flake": false,
      "locked": {
        "lastModified": 1593426968,
        "narHash": "sha256-idIhPN+Gbd+rPZL/jp1F2YOhJpO+JG2s1USIKPYtWvM=",
        "ref": "master",
        "rev": "2d16df22b5d98854b7c51b8fce324f2cab286205",
        "revCount": 16,
        "type": "git",
        "url": "https://git.pbb.lc/kloenk/website.git"
      },
      "original": {
        "type": "git",
        "url": "https://git.pbb.lc/kloenk/website.git"
      }
    }
  },
  "root": "root",
  "version": 7
}
