{
  "nodes": {
    "home-manager": {
      "info": {
        "lastModified": 1587202986,
        "narHash": "sha256-7wh7dqvIHmKXnJhaDlmXkfxcFWqk45sGKHUONif21S8="
      },
      "inputs": {
        "nixpkgs": "nixpkgs"
      },
      "locked": {
        "owner": "kloenk",
        "repo": "home-manager",
        "rev": "3eab3011a10dd89045ac5dc44f2ac248c8814cad",
        "type": "github"
      },
      "original": {
        "owner": "kloenk",
        "repo": "home-manager",
        "type": "github"
      }
    },
    "mail-server": {
      "flake": false,
      "info": {
        "lastModified": 1589329222,
        "narHash": "sha256-vvzOntOdmK+4S0AqDIlwaB5MZFP7m68jEcVj00kpwXE=",
        "revCount": 423
      },
      "locked": {
        "ref": "master",
        "rev": "c2ee9f217ad35a2d614cd978786b8418805ee4e0",
        "type": "git",
        "url": "https://gitlab.com/simple-nixos-mailserver/nixos-mailserver.git"
      },
      "original": {
        "type": "git",
        "url": "https://gitlab.com/simple-nixos-mailserver/nixos-mailserver.git"
      }
    },
    "nix": {
      "info": {
        "lastModified": 1590091354,
        "narHash": "sha256-GqTFh4wBfkKapixKyd3gA9C1tF0PSzZDD5LN+5nQEWk="
      },
      "inputs": {
        "nixpkgs": "nixpkgs"
      },
      "locked": {
        "owner": "nixos",
        "repo": "nix",
        "rev": "00b562c87ec4c3bbe514f5dc1f4d1c41f66f66bf",
        "type": "github"
      },
      "original": {
        "owner": "nixos",
        "ref": "flakes",
        "repo": "nix",
        "type": "github"
      }
    },
    "nixos-org": {
      "flake": false,
      "info": {
        "lastModified": 1589621923,
        "narHash": "sha256-cHQIWOABOSkuLKEGrwg/AEevB6QEd4eFU4v88rVG8+I="
      },
      "locked": {
        "owner": "nixos",
        "repo": "nixos-org-configurations",
        "rev": "7ddc6bc9239f996036b7dd0337173834d1d0eede",
        "type": "github"
      },
      "original": {
        "owner": "nixos",
        "repo": "nixos-org-configurations",
        "type": "github"
      }
    },
    "nixpkgs": {
      "info": {
        "lastModified": 1590140397,
        "narHash": "sha256-29LuqopXHaoJFxGVJwlJj2agHgiZnK+/p8otW+5t2Tg="
      },
      "locked": {
        "owner": "nixos",
        "repo": "nixpkgs",
        "rev": "e21c3fa6eeefcd7dc59077a41c3cf11ccf49c05c",
        "type": "github"
      },
      "original": {
        "owner": "nixos",
        "repo": "nixpkgs",
        "type": "github"
      }
    },
    "nixpkgs-es": {
      "info": {
        "lastModified": 1590069539,
        "narHash": "sha256-OcxxZ5lMFmXAQU9P64KwmZv9Rlnro1a4RQmtXBwMy10="
      },
      "locked": {
        "owner": "kloenk",
        "repo": "nixpkgs",
        "rev": "da4b95c8ec6149138e4b86bf461ad434b556e90f",
        "type": "github"
      },
      "original": {
        "owner": "kloenk",
        "ref": "feature/engelsystem",
        "repo": "nixpkgs",
        "type": "github"
      }
    },
    "nixpkgs-lopsided": {
      "info": {
        "lastModified": 1588481885,
        "narHash": "sha256-lOE/atw8upOrJw+JVifOhpVTS65u0FvoQWY9lnJ44V0="
      },
      "locked": {
        "owner": "lopsided98",
        "repo": "nixpkgs",
        "rev": "c9c568244684a89e4927aa59e14441fc018cb0b5",
        "type": "github"
      },
      "original": {
        "owner": "lopsided98",
        "ref": "grub-initrd-secrets",
        "repo": "nixpkgs",
        "type": "github"
      }
    },
    "nixpkgs-mc": {
      "info": {
        "lastModified": 1589981753,
        "narHash": "sha256-MKPcpKs9M6i371Jj1Jar1tJyMRyKAHu/zwDAW5hopkY="
      },
      "locked": {
        "owner": "kloenk",
        "repo": "nixpkgs",
        "rev": "49552b82a7ae62bd82e0b224fde7b4dcad51e22e",
        "type": "github"
      },
      "original": {
        "owner": "kloenk",
        "ref": "feature/mc-fifo",
        "repo": "nixpkgs",
        "type": "github"
      }
    },
    "nixpkgs-qutebrowser": {
      "info": {
        "lastModified": 1588768574,
        "narHash": "sha256-oNKwKATkUSNRsWRmiPrft5vwQTgn0X8EMq7nkUeR7nw="
      },
      "inputs": {
        "nixpkgs": "nixpkgs_2"
      },
      "locked": {
        "owner": "kloenk",
        "repo": "nixpkgs-qutebrowser",
        "rev": "86c1886f93294d636f7e5b73e3bb3f728d774561",
        "type": "github"
      },
      "original": {
        "owner": "kloenk",
        "repo": "nixpkgs-qutebrowser",
        "type": "github"
      }
    },
    "nixpkgs_2": {
      "info": {
        "lastModified": 1587961704,
        "narHash": "sha256-/aqrj8zYfwz8Wd0qu7jgNvddXj7Bro3QHz2YKJOJO5M="
      },
      "locked": {
        "owner": "nixos",
        "repo": "nixpkgs",
        "rev": "fce7562cf46727fdaf801b232116bc9ce0512049",
        "type": "github"
      },
      "original": {
        "owner": "nixos",
        "repo": "nixpkgs",
        "rev": "fce7562cf46727fdaf801b232116bc9ce0512049",
        "type": "github"
      }
    },
    "root": {
      "inputs": {
        "home-manager": "home-manager",
        "mail-server": "mail-server",
        "nix": "nix",
        "nixos-org": "nixos-org",
        "nixpkgs": "nixpkgs",
        "nixpkgs-es": "nixpkgs-es",
        "nixpkgs-lopsided": "nixpkgs-lopsided",
        "nixpkgs-mc": "nixpkgs-mc",
        "nixpkgs-qutebrowser": "nixpkgs-qutebrowser",
        "secrets": "secrets",
        "website": "website"
      }
    },
    "secrets": {
      "flake": false,
      "info": {
        "lastModified": 1589916696,
        "narHash": "sha256-OcP1K/OP/USMUdbBU5RBH5i1Styqm2Ut78rxA79Iw60=",
        "revCount": 913
      },
      "locked": {
        "ref": "master",
        "rev": "4648338cd73f141665a666b6deb586fde2c2db30",
        "type": "git",
        "url": "git+ssh://git@git.kloenk.de/kloenk/pass.git"
      },
      "original": {
        "type": "git",
        "url": "git+ssh://git@git.kloenk.de/kloenk/pass.git"
      }
    },
    "website": {
      "flake": false,
      "info": {
        "lastModified": 1588193270,
        "narHash": "sha256-t3im3Do7CECZQJfJPEgKc7gOH7sC0ZyblkeLnNUHd1Q=",
        "revCount": 15
      },
      "locked": {
        "ref": "master",
        "rev": "6cbdea74fd1176cafafd4f88e959744b65383b87",
        "type": "git",
        "url": "https://git.pbb.lc/kloenk/website.git"
      },
      "original": {
        "type": "git",
        "url": "https://git.pbb.lc/kloenk/website.git"
      }
    }
  },
  "root": "root",
  "version": 5
}
