{
  "nodes": {
    "home-manager": {
      "info": {
        "lastModified": 1586783434,
        "narHash": "sha256-zxPfpc1CXgTYjT8UMsVFMZgJzl/axHILKHXa+BZwqoo="
      },
      "inputs": {
        "nixpkgs": "nixpkgs"
      },
      "locked": {
        "owner": "kloenk",
        "repo": "home-manager",
        "rev": "74f0c1ede180b323423b3f762c8390f60f9c7a48",
        "type": "github"
      },
      "original": {
        "owner": "kloenk",
        "ref": "feature/flake-overlay",
        "repo": "home-manager",
        "type": "github"
      }
    },
    "nixpkgs": {
      "info": {
        "lastModified": 1586763797,
        "narHash": "sha256-SR0hUvXbiNN2yy6MYecfskFM4HO4S8xcPbSA/7vy0O4="
      },
      "locked": {
        "owner": "NixOS",
        "repo": "nixpkgs",
        "rev": "87d598e310ce6d159bf7a91806eda75538475e16",
        "type": "github"
      },
      "original": {
        "id": "nixpkgs",
        "type": "indirect"
      }
    },
    "root": {
      "inputs": {
        "home-manager": "home-manager",
        "nixpkgs": "nixpkgs"
      }
    }
  },
  "root": "root",
  "version": 5
}
